
Microsoft Visual Studio Solution File, Format Version 12.00
# Visual Studio Version 17
VisualStudioVersion = 17.8.34330.188
MinimumVisualStudioVersion = 10.0.40219.1
Project("{888888A0-9F3D-457C-B088-3A5042F75D52}") = "Movie_Guide___Part_1", "Movie_Guide___Part_1.pyproj", "{7EE962CC-7982-4A80-BADF-DFEDB098557E}"
EndProject
Global
	GlobalSection(SolutionConfigurationPlatforms) = preSolution
		Debug|Any CPU = Debug|Any CPU
		Release|Any CPU = Release|Any CPU
	EndGlobalSection
	GlobalSection(ProjectConfigurationPlatforms) = postSolution
		{7EE962CC-7982-4A80-BADF-DFEDB098557E}.Debug|Any CPU.ActiveCfg = Debug|Any CPU
		{7EE962CC-7982-4A80-BADF-DFEDB098557E}.Release|Any CPU.ActiveCfg = Release|Any CPU
	EndGlobalSection
	GlobalSection(SolutionProperties) = preSolution
		HideSolutionNode = FALSE
	EndGlobalSection
	GlobalSection(ExtensibilityGlobals) = postSolution
		SolutionGuid = {27812361-38F0-411C-ABA0-CE3C0D0F3E37}
	EndGlobalSection
EndGlobal
